
Microsoft Visual Studio Solution File, Format Version 12.00
# Visual Studio Version 16
VisualStudioVersion = 16.0.29230.47
MinimumVisualStudioVersion = 10.0.40219.1
Project("{2150E333-8FDC-42A3-9474-1A3956D46DE8}") = "Solution Items", "Solution Items", "{47C06CED-F91C-41F9-B092-239CADA958BB}"
EndProject
Project("{FAE04EC0-301F-11D3-BF4B-00C04F79EFBC}") = "BuildDataFiles_Util", "BuildDataFiles_Util\BuildDataFiles_Util.csproj", "{273901D1-7EBA-4DF4-B088-9871368DCB23}"
EndProject
Project("{FAE04EC0-301F-11D3-BF4B-00C04F79EFBC}") = "WDLang", "WDLang\WDLang.csproj", "{58FFE09C-6A7F-48CC-9101-B75FDF8E568F}"
EndProject
Project("{FAE04EC0-301F-11D3-BF4B-00C04F79EFBC}") = "EaxmpleWDLang", "EaxmpleWDLang\EaxmpleWDLang.csproj", "{F23A3915-2A8B-4FA5-AA53-A801978FCEAA}"
EndProject
Global
	GlobalSection(SolutionConfigurationPlatforms) = preSolution
		Debug|Any CPU = Debug|Any CPU
		Release|Any CPU = Release|Any CPU
	EndGlobalSection
	GlobalSection(ProjectConfigurationPlatforms) = postSolution
		{273901D1-7EBA-4DF4-B088-9871368DCB23}.Debug|Any CPU.ActiveCfg = Debug|Any CPU
		{273901D1-7EBA-4DF4-B088-9871368DCB23}.Debug|Any CPU.Build.0 = Debug|Any CPU
		{273901D1-7EBA-4DF4-B088-9871368DCB23}.Release|Any CPU.ActiveCfg = Release|Any CPU
		{273901D1-7EBA-4DF4-B088-9871368DCB23}.Release|Any CPU.Build.0 = Release|Any CPU
		{58FFE09C-6A7F-48CC-9101-B75FDF8E568F}.Debug|Any CPU.ActiveCfg = Debug|Any CPU
		{58FFE09C-6A7F-48CC-9101-B75FDF8E568F}.Debug|Any CPU.Build.0 = Debug|Any CPU
		{58FFE09C-6A7F-48CC-9101-B75FDF8E568F}.Release|Any CPU.ActiveCfg = Release|Any CPU
		{58FFE09C-6A7F-48CC-9101-B75FDF8E568F}.Release|Any CPU.Build.0 = Release|Any CPU
		{F23A3915-2A8B-4FA5-AA53-A801978FCEAA}.Debug|Any CPU.ActiveCfg = Debug|Any CPU
		{F23A3915-2A8B-4FA5-AA53-A801978FCEAA}.Debug|Any CPU.Build.0 = Debug|Any CPU
		{F23A3915-2A8B-4FA5-AA53-A801978FCEAA}.Release|Any CPU.ActiveCfg = Release|Any CPU
		{F23A3915-2A8B-4FA5-AA53-A801978FCEAA}.Release|Any CPU.Build.0 = Release|Any CPU
	EndGlobalSection
	GlobalSection(SolutionProperties) = preSolution
		HideSolutionNode = FALSE
	EndGlobalSection
	GlobalSection(ExtensibilityGlobals) = postSolution
		SolutionGuid = {9BD0C49D-1ED1-40EC-8524-25C218AFF510}
	EndGlobalSection
EndGlobal
